
Microsoft Visual Studio Solution File, Format Version 12.00
# Visual Studio Version 17
VisualStudioVersion = 17.11.35327.3
MinimumVisualStudioVersion = 10.0.40219.1
Project("{FAE04EC0-301F-11D3-BF4B-00C04F79EFBC}") = "Hotel.Android", "Hotel\Hotel.Android\Hotel.Android.csproj", "{B5AEB7C2-AF88-4A3B-9A21-30F08B30A68D}"
EndProject
Project("{FAE04EC0-301F-11D3-BF4B-00C04F79EFBC}") = "Hotel", "Hotel\Hotel\Hotel.csproj", "{6EB1CD24-8599-4157-BBFA-F9153585CBFB}"
EndProject
Global
	GlobalSection(SolutionConfigurationPlatforms) = preSolution
		Debug|Any CPU = Debug|Any CPU
		Release|Any CPU = Release|Any CPU
	EndGlobalSection
	GlobalSection(ProjectConfigurationPlatforms) = postSolution
		{B5AEB7C2-AF88-4A3B-9A21-30F08B30A68D}.Debug|Any CPU.ActiveCfg = Debug|Any CPU
		{B5AEB7C2-AF88-4A3B-9A21-30F08B30A68D}.Debug|Any CPU.Build.0 = Debug|Any CPU
		{B5AEB7C2-AF88-4A3B-9A21-30F08B30A68D}.Debug|Any CPU.Deploy.0 = Debug|Any CPU
		{B5AEB7C2-AF88-4A3B-9A21-30F08B30A68D}.Release|Any CPU.ActiveCfg = Release|Any CPU
		{B5AEB7C2-AF88-4A3B-9A21-30F08B30A68D}.Release|Any CPU.Build.0 = Release|Any CPU
		{B5AEB7C2-AF88-4A3B-9A21-30F08B30A68D}.Release|Any CPU.Deploy.0 = Release|Any CPU
		{6EB1CD24-8599-4157-BBFA-F9153585CBFB}.Debug|Any CPU.ActiveCfg = Debug|Any CPU
		{6EB1CD24-8599-4157-BBFA-F9153585CBFB}.Debug|Any CPU.Build.0 = Debug|Any CPU
		{6EB1CD24-8599-4157-BBFA-F9153585CBFB}.Debug|Any CPU.Deploy.0 = Debug|Any CPU
		{6EB1CD24-8599-4157-BBFA-F9153585CBFB}.Release|Any CPU.ActiveCfg = Release|Any CPU
		{6EB1CD24-8599-4157-BBFA-F9153585CBFB}.Release|Any CPU.Build.0 = Release|Any CPU
		{6EB1CD24-8599-4157-BBFA-F9153585CBFB}.Release|Any CPU.Deploy.0 = Release|Any CPU
	EndGlobalSection
	GlobalSection(SolutionProperties) = preSolution
		HideSolutionNode = FALSE
	EndGlobalSection
	GlobalSection(ExtensibilityGlobals) = postSolution
		SolutionGuid = {FB710446-8FA1-42BC-9288-6AD334BC5E17}
	EndGlobalSection
EndGlobal
